
Microsoft Visual Studio Solution File, Format Version 12.00
# Visual Studio Version 17
VisualStudioVersion = 17.1.32407.343
MinimumVisualStudioVersion = 10.0.40219.1
Project("{FAE04EC0-301F-11D3-BF4B-00C04F79EFBC}") = "JKIDEI.Front", "JKIDEI\JKIDEI.Front.csproj", "{08C1771B-2425-44BF-A322-E6791EBB83F1}"
EndProject
Project("{FAE04EC0-301F-11D3-BF4B-00C04F79EFBC}") = "JKIDEI.Service", "JKIDEI.Service\JKIDEI.Service.csproj", "{95AAE96D-4045-4375-B520-9EC8B1A10C88}"
EndProject
Global
	GlobalSection(SolutionConfigurationPlatforms) = preSolution
		Debug|Any CPU = Debug|Any CPU
		Release|Any CPU = Release|Any CPU
	EndGlobalSection
	GlobalSection(ProjectConfigurationPlatforms) = postSolution
		{08C1771B-2425-44BF-A322-E6791EBB83F1}.Debug|Any CPU.ActiveCfg = Debug|Any CPU
		{08C1771B-2425-44BF-A322-E6791EBB83F1}.Debug|Any CPU.Build.0 = Debug|Any CPU
		{08C1771B-2425-44BF-A322-E6791EBB83F1}.Release|Any CPU.ActiveCfg = Release|Any CPU
		{08C1771B-2425-44BF-A322-E6791EBB83F1}.Release|Any CPU.Build.0 = Release|Any CPU
		{95AAE96D-4045-4375-B520-9EC8B1A10C88}.Debug|Any CPU.ActiveCfg = Debug|Any CPU
		{95AAE96D-4045-4375-B520-9EC8B1A10C88}.Debug|Any CPU.Build.0 = Debug|Any CPU
		{95AAE96D-4045-4375-B520-9EC8B1A10C88}.Release|Any CPU.ActiveCfg = Release|Any CPU
		{95AAE96D-4045-4375-B520-9EC8B1A10C88}.Release|Any CPU.Build.0 = Release|Any CPU
	EndGlobalSection
	GlobalSection(SolutionProperties) = preSolution
		HideSolutionNode = FALSE
	EndGlobalSection
	GlobalSection(ExtensibilityGlobals) = postSolution
		SolutionGuid = {8954E679-9567-4155-A9CE-6731B584EC5C}
	EndGlobalSection
EndGlobal
